
Microsoft Visual Studio Solution File, Format Version 12.00
# Visual Studio Version 16
VisualStudioVersion = 16.0.29424.173
MinimumVisualStudioVersion = 10.0.40219.1
Project("{9A19103F-16F7-4668-BE54-9A1E7A4F7556}") = "Forum_v1", "Forum_v1\Forum_v1.csproj", "{FF609F82-EB80-4433-927E-ACA9CBC7A792}"
EndProject
Project("{FAE04EC0-301F-11D3-BF4B-00C04F79EFBC}") = "Repository", "Repository\Repository.csproj", "{1642E38D-A69C-40D2-8CD4-41466F31D052}"
EndProject
Global
	GlobalSection(SolutionConfigurationPlatforms) = preSolution
		Debug|Any CPU = Debug|Any CPU
		Release|Any CPU = Release|Any CPU
	EndGlobalSection
	GlobalSection(ProjectConfigurationPlatforms) = postSolution
		{FF609F82-EB80-4433-927E-ACA9CBC7A792}.Debug|Any CPU.ActiveCfg = Debug|Any CPU
		{FF609F82-EB80-4433-927E-ACA9CBC7A792}.Debug|Any CPU.Build.0 = Debug|Any CPU
		{FF609F82-EB80-4433-927E-ACA9CBC7A792}.Release|Any CPU.ActiveCfg = Release|Any CPU
		{FF609F82-EB80-4433-927E-ACA9CBC7A792}.Release|Any CPU.Build.0 = Release|Any CPU
		{1642E38D-A69C-40D2-8CD4-41466F31D052}.Debug|Any CPU.ActiveCfg = Debug|Any CPU
		{1642E38D-A69C-40D2-8CD4-41466F31D052}.Debug|Any CPU.Build.0 = Debug|Any CPU
		{1642E38D-A69C-40D2-8CD4-41466F31D052}.Release|Any CPU.ActiveCfg = Release|Any CPU
		{1642E38D-A69C-40D2-8CD4-41466F31D052}.Release|Any CPU.Build.0 = Release|Any CPU
	EndGlobalSection
	GlobalSection(SolutionProperties) = preSolution
		HideSolutionNode = FALSE
	EndGlobalSection
	GlobalSection(ExtensibilityGlobals) = postSolution
		SolutionGuid = {EEDD5B75-33B1-4918-B79A-29760AF2DAAC}
	EndGlobalSection
EndGlobal
